
Microsoft Visual Studio Solution File, Format Version 12.00
# Visual Studio Version 17
VisualStudioVersion = 17.8.34316.72
MinimumVisualStudioVersion = 10.0.40219.1
Project("{B7DD6F7E-DEF8-4E67-B5B7-07EF123DB6F0}") = "Installer", "Installer\Installer.wixproj", "{90D4CEF4-C547-48CD-BFD5-29C10062C5D4}"
EndProject
Project("{9A19103F-16F7-4668-BE54-9A1E7A4F7556}") = "AOVpnManager", "AOVpnManager\AOVpnManager.csproj", "{5D56E145-AD0F-4A76-89A5-3BEBE521FE92}"
EndProject
Project("{2150E333-8FDC-42A3-9474-1A3956D46DE8}") = "Solution Items", "Solution Items", "{24427106-2E77-4E53-A790-1C021EEBEA7C}"
	ProjectSection(SolutionItems) = preProject
		Version.props = Version.props
	EndProjectSection
EndProject
Project("{9A19103F-16F7-4668-BE54-9A1E7A4F7556}") = "AOVpnManager.Tests", "AOVpnManager.Tests\AOVpnManager.Tests.csproj", "{499A3CA4-C108-4C57-A545-85B25A3ABC15}"
EndProject
Global
	GlobalSection(SolutionConfigurationPlatforms) = preSolution
		Debug|Any CPU = Debug|Any CPU
		Debug|ARM64 = Debug|ARM64
		Debug|x64 = Debug|x64
		Debug|x86 = Debug|x86
		Release|Any CPU = Release|Any CPU
		Release|ARM64 = Release|ARM64
		Release|x64 = Release|x64
		Release|x86 = Release|x86
	EndGlobalSection
	GlobalSection(ProjectConfigurationPlatforms) = postSolution
		{90D4CEF4-C547-48CD-BFD5-29C10062C5D4}.Debug|Any CPU.ActiveCfg = Debug|x64
		{90D4CEF4-C547-48CD-BFD5-29C10062C5D4}.Debug|Any CPU.Build.0 = Debug|x64
		{90D4CEF4-C547-48CD-BFD5-29C10062C5D4}.Debug|ARM64.ActiveCfg = Debug|ARM64
		{90D4CEF4-C547-48CD-BFD5-29C10062C5D4}.Debug|ARM64.Build.0 = Debug|ARM64
		{90D4CEF4-C547-48CD-BFD5-29C10062C5D4}.Debug|x64.ActiveCfg = Debug|x64
		{90D4CEF4-C547-48CD-BFD5-29C10062C5D4}.Debug|x64.Build.0 = Debug|x64
		{90D4CEF4-C547-48CD-BFD5-29C10062C5D4}.Debug|x86.ActiveCfg = Debug|x86
		{90D4CEF4-C547-48CD-BFD5-29C10062C5D4}.Debug|x86.Build.0 = Debug|x86
		{90D4CEF4-C547-48CD-BFD5-29C10062C5D4}.Release|Any CPU.ActiveCfg = Release|x64
		{90D4CEF4-C547-48CD-BFD5-29C10062C5D4}.Release|Any CPU.Build.0 = Release|x64
		{90D4CEF4-C547-48CD-BFD5-29C10062C5D4}.Release|ARM64.ActiveCfg = Release|ARM64
		{90D4CEF4-C547-48CD-BFD5-29C10062C5D4}.Release|ARM64.Build.0 = Release|ARM64
		{90D4CEF4-C547-48CD-BFD5-29C10062C5D4}.Release|x64.ActiveCfg = Release|x64
		{90D4CEF4-C547-48CD-BFD5-29C10062C5D4}.Release|x64.Build.0 = Release|x64
		{90D4CEF4-C547-48CD-BFD5-29C10062C5D4}.Release|x86.ActiveCfg = Release|x86
		{90D4CEF4-C547-48CD-BFD5-29C10062C5D4}.Release|x86.Build.0 = Release|x86
		{5D56E145-AD0F-4A76-89A5-3BEBE521FE92}.Debug|Any CPU.ActiveCfg = Debug|Any CPU
		{5D56E145-AD0F-4A76-89A5-3BEBE521FE92}.Debug|Any CPU.Build.0 = Debug|Any CPU
		{5D56E145-AD0F-4A76-89A5-3BEBE521FE92}.Debug|ARM64.ActiveCfg = Debug|Any CPU
		{5D56E145-AD0F-4A76-89A5-3BEBE521FE92}.Debug|ARM64.Build.0 = Debug|Any CPU
		{5D56E145-AD0F-4A76-89A5-3BEBE521FE92}.Debug|x64.ActiveCfg = Debug|Any CPU
		{5D56E145-AD0F-4A76-89A5-3BEBE521FE92}.Debug|x64.Build.0 = Debug|Any CPU
		{5D56E145-AD0F-4A76-89A5-3BEBE521FE92}.Debug|x86.ActiveCfg = Debug|Any CPU
		{5D56E145-AD0F-4A76-89A5-3BEBE521FE92}.Debug|x86.Build.0 = Debug|Any CPU
		{5D56E145-AD0F-4A76-89A5-3BEBE521FE92}.Release|Any CPU.ActiveCfg = Release|Any CPU
		{5D56E145-AD0F-4A76-89A5-3BEBE521FE92}.Release|Any CPU.Build.0 = Release|Any CPU
		{5D56E145-AD0F-4A76-89A5-3BEBE521FE92}.Release|ARM64.ActiveCfg = Release|Any CPU
		{5D56E145-AD0F-4A76-89A5-3BEBE521FE92}.Release|ARM64.Build.0 = Release|Any CPU
		{5D56E145-AD0F-4A76-89A5-3BEBE521FE92}.Release|x64.ActiveCfg = Release|Any CPU
		{5D56E145-AD0F-4A76-89A5-3BEBE521FE92}.Release|x64.Build.0 = Release|Any CPU
		{5D56E145-AD0F-4A76-89A5-3BEBE521FE92}.Release|x86.ActiveCfg = Release|Any CPU
		{5D56E145-AD0F-4A76-89A5-3BEBE521FE92}.Release|x86.Build.0 = Release|Any CPU
		{499A3CA4-C108-4C57-A545-85B25A3ABC15}.Debug|Any CPU.ActiveCfg = Debug|Any CPU
		{499A3CA4-C108-4C57-A545-85B25A3ABC15}.Debug|Any CPU.Build.0 = Debug|Any CPU
		{499A3CA4-C108-4C57-A545-85B25A3ABC15}.Debug|ARM64.ActiveCfg = Debug|Any CPU
		{499A3CA4-C108-4C57-A545-85B25A3ABC15}.Debug|ARM64.Build.0 = Debug|Any CPU
		{499A3CA4-C108-4C57-A545-85B25A3ABC15}.Debug|x64.ActiveCfg = Debug|Any CPU
		{499A3CA4-C108-4C57-A545-85B25A3ABC15}.Debug|x64.Build.0 = Debug|Any CPU
		{499A3CA4-C108-4C57-A545-85B25A3ABC15}.Debug|x86.ActiveCfg = Debug|Any CPU
		{499A3CA4-C108-4C57-A545-85B25A3ABC15}.Debug|x86.Build.0 = Debug|Any CPU
		{499A3CA4-C108-4C57-A545-85B25A3ABC15}.Release|Any CPU.ActiveCfg = Release|Any CPU
		{499A3CA4-C108-4C57-A545-85B25A3ABC15}.Release|Any CPU.Build.0 = Release|Any CPU
		{499A3CA4-C108-4C57-A545-85B25A3ABC15}.Release|ARM64.ActiveCfg = Release|Any CPU
		{499A3CA4-C108-4C57-A545-85B25A3ABC15}.Release|ARM64.Build.0 = Release|Any CPU
		{499A3CA4-C108-4C57-A545-85B25A3ABC15}.Release|x64.ActiveCfg = Release|Any CPU
		{499A3CA4-C108-4C57-A545-85B25A3ABC15}.Release|x64.Build.0 = Release|Any CPU
		{499A3CA4-C108-4C57-A545-85B25A3ABC15}.Release|x86.ActiveCfg = Release|Any CPU
		{499A3CA4-C108-4C57-A545-85B25A3ABC15}.Release|x86.Build.0 = Release|Any CPU
	EndGlobalSection
	GlobalSection(SolutionProperties) = preSolution
		HideSolutionNode = FALSE
	EndGlobalSection
	GlobalSection(ExtensibilityGlobals) = postSolution
		SolutionGuid = {EB5361BB-F753-4A91-878C-680A3FED4035}
	EndGlobalSection
EndGlobal
